# THIS IS AN AUTOGENERATED FILE. DO NOT EDIT THIS FILE DIRECTLY.
# yarn lockfile v1


"@types/node@^10.17.0":
  version "10.17.0"
  resolved "https://registry.yarnpkg.com/@types/node/-/node-10.17.0.tgz#537c61a1df699a8331c79dab2ccc2c8799873c66"
  integrity sha512-wuJwN2KV4tIRz1bu9vq5kSPasJ8IsEjZaP1ZR7KlmdUZvGF/rXy8DmXOVwUD0kAtvtJ7aqMKPqUXC0NUTDbrDg==

"@types/normalize-package-data@^2.4.0":
  version "2.4.0"
  resolved "https://registry.yarnpkg.com/@types/normalize-package-data/-/normalize-package-data-2.4.0.tgz#e486d0d97396d79beedd0a6e33f4534ff6b4973e"
  integrity sha512-f5j5b/Gf71L+dbqxIpQ4Z2WlmI/mPJ0fOkGGmFgtb6sAu97EPczzbS3/tJKxmcYDj55OX6ssqwDAWOHIYDRDGA==

types@^0.1.1:
  version "0.1.1"
  resolved "https://registry.yarnpkg.com/types/-/types-0.1.1.tgz#860c6859d11366293f835d8c95aebcf95029838e"
  integrity sha1-hgxoWdETZik/g12Mla68+VApg44=

typescript@^3.6.4:
  version "3.6.4"
  resolved "https://registry.yarnpkg.com/typescript/-/typescript-3.6.4.tgz#b18752bb3792bc1a0281335f7f6ebf1bbfc5b91d"
  integrity sha512-unoCll1+l+YK4i4F8f22TaNVPRHcD9PA3yCuZ8g5e0qGqlVlJ/8FSateOLLSagn+Yg5+ZwuPkL8LFUc0Jcvksg==
